Microsoft Visual Studio Solution File, Format Version 11.00
# Visual C++ Express 2010
Project("{8BC9CEB8-8B4A-11D0-8D11-00A0C91BC942}") = "ice_pox_rad", "ice_pox_rad.vcxproj", "{BA4D827C-06D1-ECB1-6598-B149564A92C2}"
EndProject
Global
	GlobalSection(SolutionConfigurationPlatforms) = preSolution
		Debug DLL|Win32 = Debug DLL|Win32
		Debug|Win32 = Debug|Win32
		Release DLL|Win32 = Release DLL|Win32
		Release|Win32 = Release|Win32
	EndGlobalSection
	GlobalSection(ProjectConfigurationPlatforms) = postSolution
		{BA4D827C-06D1-ECB1-6598-B149564A92C2}.Debug DLL|Win32.ActiveCfg = Debug DLL|Win32
		{BA4D827C-06D1-ECB1-6598-B149564A92C2}.Debug DLL|Win32.Build.0 = Debug DLL|Win32
		{BA4D827C-06D1-ECB1-6598-B149564A92C2}.Debug|Win32.ActiveCfg = Debug|Win32
		{BA4D827C-06D1-ECB1-6598-B149564A92C2}.Debug|Win32.Build.0 = Debug|Win32
		{BA4D827C-06D1-ECB1-6598-B149564A92C2}.Release DLL|Win32.ActiveCfg = Release DLL|Win32
		{BA4D827C-06D1-ECB1-6598-B149564A92C2}.Release DLL|Win32.Build.0 = Release DLL|Win32
		{BA4D827C-06D1-ECB1-6598-B149564A92C2}.Release|Win32.ActiveCfg = Release|Win32
		{BA4D827C-06D1-ECB1-6598-B149564A92C2}.Release|Win32.Build.0 = Release|Win32
	EndGlobalSection
	GlobalSection(SolutionProperties) = preSolution
		HideSolutionNode = FALSE
	EndGlobalSection
EndGlobal
