<?xml version="1.0" encoding="utf-8"?>
<Project ToolsVersion="4.0" xmlns="http://schemas.microsoft.com/developer/msbuild/2003">
  <ItemGroup>
    <ClCompile Include="..\src\dd_pox_rad.cxx">
      <Filter>Source Files</Filter>
    </ClCompile>
    <ClCompile Include="..\src\Property.cxx">
      <Filter>Source Files</Filter>
    </ClCompile>
    <ClCompile Include="..\src\devcomm.cxx">
      <Filter>Source Files</Filter>
    </ClCompile>
    <ClCompile Include="..\src\poxradthread.cxx">
      <Filter>Source Files</Filter>
    </ClCompile>
  </ItemGroup>
  <ItemGroup>
    <ClInclude Include="..\src\icexutils.h">
      <Filter>Header Files</Filter>
    </ClInclude>
    <ClInclude Include="..\src\mio_io.h">
      <Filter>Header Files</Filter>
    </ClInclude>
    <ClInclude Include="..\src\poxrad_discrete.h">
      <Filter>Header Files</Filter>
    </ClInclude>
    <ClInclude Include="..\src\poxrad_waveform.h">
      <Filter>Header Files</Filter>
    </ClInclude>
    <ClInclude Include="..\src\projstd.h">
      <Filter>Header Files</Filter>
    </ClInclude>
    <ClInclude Include="..\src\dd_pox_rad.h">
      <Filter>Header Files</Filter>
    </ClInclude>
    <ClInclude Include="..\src\Property.h">
      <Filter>Header Files</Filter>
    </ClInclude>
    <ClInclude Include="..\src\devcomm.h">
      <Filter>Header Files</Filter>
    </ClInclude>
    <ClInclude Include="..\src\poxradthread.h">
      <Filter>Header Files</Filter>
    </ClInclude>
    <ClInclude Include="..\src\poxrad_data.h">
      <Filter>Header Files</Filter>
    </ClInclude>
  </ItemGroup>
  <ItemGroup>
    <Filter Include="Source Files">
      <UniqueIdentifier>{ddcf082e-3c21-4b73-b89e-4d0af6520e06}</UniqueIdentifier>
    </Filter>
    <Filter Include="Header Files">
      <UniqueIdentifier>{fc2a3263-137e-4674-ba50-cbe4609cffeb}</UniqueIdentifier>
    </Filter>
    <Filter Include="Resources">
      <UniqueIdentifier>{febf0d48-ea68-42bd-86ce-cce08878104a}</UniqueIdentifier>
    </Filter>
  </ItemGroup>
  <ItemGroup>
    <None Include="..\cfg\dd_pox_rad.ini">
      <Filter>Resources</Filter>
    </None>
  </ItemGroup>
</Project>